github.com/floruntime/flo-go v0.1.0-dev.15 h1:77MnYPty9VbD6+PCFAdSsHlVd71h5QmfMXU7a9WnVBE=
github.com/floruntime/flo-go v0.1.0-dev.15/go.mod h1:uZVaqVffUSOVF7T9jV99PVHZxM7QwPx/btL+kCSdNXI=
github.com/go-chi/chi/v5 v5.2.5 h1:Eg4myHZBjyvJmAFjFvWgrqDTXFyOzjj7YIm3L3mu6Ug=
github.com/go-chi/chi/v5 v5.2.5/go.mod h1:X7Gx4mteadT3eDOMTsXzmI4/rwUpOwBHLpAfupzFJP0=
