github.com/floruntime/flo-go v0.1.0-dev.19 h1:Q5uzgDT7tKXpY7DaLGVzCBLcXahuIBHAZoUn/4yGJmA=
github.com/floruntime/flo-go v0.1.0-dev.19/go.mod h1:uZVaqVffUSOVF7T9jV99PVHZxM7QwPx/btL+kCSdNXI=
github.com/go-chi/chi/v5 v5.2.5 h1:Eg4myHZBjyvJmAFjFvWgrqDTXFyOzjj7YIm3L3mu6Ug=
github.com/go-chi/chi/v5 v5.2.5/go.mod h1:X7Gx4mteadT3eDOMTsXzmI4/rwUpOwBHLpAfupzFJP0=
